// !$*UTF8*$!
{
	archiveVersion = 1;
	classes = {
	};
	objectVersion = 50;
	objects = {

/* Begin PBXBuildFile section */
		9F4F88FB2294850600D53DE0 /* TrajParser.cpp in Sources */ = {isa = PBXBuildFile; fileRef = 9F4F88F92294850600D53DE0 /* TrajParser.cpp */; };
		9F7B7B832180DCFC00DE9F86 /* gl_utils.cpp in Sources */ = {isa = PBXBuildFile; fileRef = 9F7B781C2180DCF900DE9F86 /* gl_utils.cpp */; };
		9F7B7BF12180DCFD00DE9F86 /* objLoader.cpp in Sources */ = {isa = PBXBuildFile; fileRef = 9F7B7B802180DCFC00DE9F86 /* objLoader.cpp */; };
		9F7B7BF22180DCFD00DE9F86 /* main.cpp in Sources */ = {isa = PBXBuildFile; fileRef = 9F7B7B822180DCFC00DE9F86 /* main.cpp */; };
		9F81EA8621A84B8100F58A7E /* Renderer.cpp in Sources */ = {isa = PBXBuildFile; fileRef = 9F81EA8421A84B8100F58A7E /* Renderer.cpp */; };
		9F81EA8921A84B9700F58A7E /* InputManager.cpp in Sources */ = {isa = PBXBuildFile; fileRef = 9F81EA8721A84B9700F58A7E /* InputManager.cpp */; };
		9F81EA8C21A84D7200F58A7E /* Shader.cpp in Sources */ = {isa = PBXBuildFile; fileRef = 9F81EA8A21A84D7200F58A7E /* Shader.cpp */; };
		9F81EA8F21A84E2E00F58A7E /* Framebuffer.cpp in Sources */ = {isa = PBXBuildFile; fileRef = 9F81EA8D21A84E2E00F58A7E /* Framebuffer.cpp */; };
		9FF24A4C21835A9700012538 /* Cocoa.framework in Frameworks */ = {isa = PBXBuildFile; fileRef = 9FF24A4B21835A9700012538 /* Cocoa.framework */; };
		9FF24A4D21835A9D00012538 /* OpenGL.framework in Frameworks */ = {isa = PBXBuildFile; fileRef = 9F7B7BF42180E03500DE9F86 /* OpenGL.framework */; };
		9FF24A4F21835AA400012538 /* IOKit.framework in Frameworks */ = {isa = PBXBuildFile; fileRef = 9FF24A4E21835AA400012538 /* IOKit.framework */; };
		9FF24A512183616300012538 /* libglfw3.a in Frameworks */ = {isa = PBXBuildFile; fileRef = 9F7B7BF72180E06300DE9F86 /* libglfw3.a */; settings = {ATTRIBUTES = (Required, ); }; };
/* End PBXBuildFile section */

/* Begin PBXCopyFilesBuildPhase section */
		9F7B78102180DBE200DE9F86 /* CopyFiles */ = {
			isa = PBXCopyFilesBuildPhase;
			buildActionMask = 2147483647;
			dstPath = /usr/share/man/man1/;
			dstSubfolderSpec = 0;
			files = (
			);
			runOnlyForDeploymentPostprocessing = 1;
		};
/* End PBXCopyFilesBuildPhase section */

/* Begin PBXFileReference section */
		9F26E93A2199F089008E0CFD /* Camera.h */ = {isa = PBXFileReference; fileEncoding = 4; lastKnownFileType = sourcecode.c.h; name = Camera.h; path = TrajVis/Camera.h; sourceTree = SOURCE_ROOT; };
		9F4F88F92294850600D53DE0 /* TrajParser.cpp */ = {isa = PBXFileReference; lastKnownFileType = sourcecode.cpp.cpp; name = TrajParser.cpp; path = TrajVis/TrajParser.cpp; sourceTree = SOURCE_ROOT; };
		9F4F88FA2294850600D53DE0 /* TrajParser.h */ = {isa = PBXFileReference; lastKnownFileType = sourcecode.c.h; name = TrajParser.h; path = TrajVis/TrajParser.h; sourceTree = SOURCE_ROOT; };
		9F4F88FC2294886300D53DE0 /* walk.csv */ = {isa = PBXFileReference; fileEncoding = 4; lastKnownFileType = text; name = walk.csv; path = TrajVis/walk.csv; sourceTree = SOURCE_ROOT; };
		9F7B78122180DBE200DE9F86 /* TrajVis */ = {isa = PBXFileReference; explicitFileType = "compiled.mach-o.executable"; includeInIndex = 0; path = TrajVis; sourceTree = BUILT_PRODUCTS_DIR; };
		9F7B781C2180DCF900DE9F86 /* gl_utils.cpp */ = {isa = PBXFileReference; fileEncoding = 4; lastKnownFileType = sourcecode.cpp.cpp; name = gl_utils.cpp; path = TrajVis/gl_utils.cpp; sourceTree = SOURCE_ROOT; };
		9F7B781D2180DCF900DE9F86 /* objLoader.h */ = {isa = PBXFileReference; fileEncoding = 4; lastKnownFileType = sourcecode.c.h; name = objLoader.h; path = TrajVis/objLoader.h; sourceTree = SOURCE_ROOT; };
		9F7B781E2180DCF900DE9F86 /* test_vs.glsl */ = {isa = PBXFileReference; fileEncoding = 4; lastKnownFileType = text; name = test_vs.glsl; path = TrajVis/test_vs.glsl; sourceTree = SOURCE_ROOT; };
		9F7B7B7E2180DCFB00DE9F86 /* gl_utils.h */ = {isa = PBXFileReference; fileEncoding = 4; lastKnownFileType = sourcecode.c.h; name = gl_utils.h; path = TrajVis/gl_utils.h; sourceTree = SOURCE_ROOT; };
		9F7B7B7F2180DCFC00DE9F86 /* large.obj */ = {isa = PBXFileReference; fileEncoding = 4; lastKnownFileType = text; name = large.obj; path = TrajVis/large.obj; sourceTree = SOURCE_ROOT; };
		9F7B7B802180DCFC00DE9F86 /* objLoader.cpp */ = {isa = PBXFileReference; fileEncoding = 4; lastKnownFileType = sourcecode.cpp.cpp; name = objLoader.cpp; path = TrajVis/objLoader.cpp; sourceTree = SOURCE_ROOT; };
		9F7B7B812180DCFC00DE9F86 /* test_fs.glsl */ = {isa = PBXFileReference; fileEncoding = 4; lastKnownFileType = text; name = test_fs.glsl; path = TrajVis/test_fs.glsl; sourceTree = SOURCE_ROOT; };
		9F7B7B822180DCFC00DE9F86 /* main.cpp */ = {isa = PBXFileReference; fileEncoding = 4; lastKnownFileType = sourcecode.cpp.cpp; name = main.cpp; path = TrajVis/main.cpp; sourceTree = SOURCE_ROOT; };
		9F7B7BF42180E03500DE9F86 /* OpenGL.framework */ = {isa = PBXFileReference; lastKnownFileType = wrapper.framework; name = OpenGL.framework; path = System/Library/Frameworks/OpenGL.framework; sourceTree = SDKROOT; };
		9F7B7BF62180E06300DE9F86 /* libGLEW.a */ = {isa = PBXFileReference; lastKnownFileType = archive.ar; name = libGLEW.a; path = ../../common/osx_64/libGLEW.a; sourceTree = "<group>"; };
		9F7B7BF72180E06300DE9F86 /* libglfw3.a */ = {isa = PBXFileReference; lastKnownFileType = archive.ar; name = libglfw3.a; path = ../../common/osx_64/libglfw3.a; sourceTree = "<group>"; };
		9F7B7BFB2180F91C00DE9F86 /* libglfw3.a */ = {isa = PBXFileReference; lastKnownFileType = archive.ar; name = libglfw3.a; path = ../../antons_opengl_tutorials_book/common/osx_64/libglfw3.a; sourceTree = "<group>"; };
		9F7B7BFC2180F91C00DE9F86 /* libGLEW.a */ = {isa = PBXFileReference; lastKnownFileType = archive.ar; name = libGLEW.a; path = ../../antons_opengl_tutorials_book/common/osx_64/libGLEW.a; sourceTree = "<group>"; };
		9F81EA8421A84B8100F58A7E /* Renderer.cpp */ = {isa = PBXFileReference; lastKnownFileType = sourcecode.cpp.cpp; name = Renderer.cpp; path = TrajVis/Renderer.cpp; sourceTree = SOURCE_ROOT; };
		9F81EA8521A84B8100F58A7E /* Renderer.h */ = {isa = PBXFileReference; lastKnownFileType = sourcecode.c.h; name = Renderer.h; path = TrajVis/Renderer.h; sourceTree = SOURCE_ROOT; };
		9F81EA8721A84B9700F58A7E /* InputManager.cpp */ = {isa = PBXFileReference; lastKnownFileType = sourcecode.cpp.cpp; name = InputManager.cpp; path = TrajVis/InputManager.cpp; sourceTree = SOURCE_ROOT; };
		9F81EA8821A84B9700F58A7E /* InputManager.h */ = {isa = PBXFileReference; lastKnownFileType = sourcecode.c.h; name = InputManager.h; path = TrajVis/InputManager.h; sourceTree = SOURCE_ROOT; };
		9F81EA8A21A84D7200F58A7E /* Shader.cpp */ = {isa = PBXFileReference; lastKnownFileType = sourcecode.cpp.cpp; name = Shader.cpp; path = TrajVis/Shader.cpp; sourceTree = SOURCE_ROOT; };
		9F81EA8B21A84D7200F58A7E /* Shader.h */ = {isa = PBXFileReference; lastKnownFileType = sourcecode.c.h; name = Shader.h; path = TrajVis/Shader.h; sourceTree = SOURCE_ROOT; };
		9F81EA8D21A84E2E00F58A7E /* Framebuffer.cpp */ = {isa = PBXFileReference; lastKnownFileType = sourcecode.cpp.cpp; name = Framebuffer.cpp; path = TrajVis/Framebuffer.cpp; sourceTree = SOURCE_ROOT; };
		9F81EA8E21A84E2E00F58A7E /* Framebuffer.h */ = {isa = PBXFileReference; lastKnownFileType = sourcecode.c.h; name = Framebuffer.h; path = TrajVis/Framebuffer.h; sourceTree = SOURCE_ROOT; };
		9F81EA9021A8506800F58A7E /* stb_image.h */ = {isa = PBXFileReference; fileEncoding = 4; lastKnownFileType = sourcecode.c.h; name = stb_image.h; path = TrajVis/stb_image.h; sourceTree = SOURCE_ROOT; };
		9F81EAA421B60E6800F58A7E /* cube_vs.glsl */ = {isa = PBXFileReference; fileEncoding = 4; lastKnownFileType = text; name = cube_vs.glsl; path = TrajVis/cube_vs.glsl; sourceTree = SOURCE_ROOT; };
		9F81EAA521B60E6800F58A7E /* cube_fs.glsl */ = {isa = PBXFileReference; fileEncoding = 4; lastKnownFileType = text; name = cube_fs.glsl; path = TrajVis/cube_fs.glsl; sourceTree = SOURCE_ROOT; };
		9FF24A4B21835A9700012538 /* Cocoa.framework */ = {isa = PBXFileReference; lastKnownFileType = wrapper.framework; name = Cocoa.framework; path = System/Library/Frameworks/Cocoa.framework; sourceTree = SDKROOT; };
		9FF24A4E21835AA400012538 /* IOKit.framework */ = {isa = PBXFileReference; lastKnownFileType = wrapper.framework; name = IOKit.framework; path = System/Library/Frameworks/IOKit.framework; sourceTree = SDKROOT; };
/* End PBXFileReference section */

/* Begin PBXFrameworksBuildPhase section */
		9F7B780F2180DBE200DE9F86 /* Frameworks */ = {
			isa = PBXFrameworksBuildPhase;
			buildActionMask = 2147483647;
			files = (
				9FF24A512183616300012538 /* libglfw3.a in Frameworks */,
				9FF24A4F21835AA400012538 /* IOKit.framework in Frameworks */,
				9FF24A4D21835A9D00012538 /* OpenGL.framework in Frameworks */,
				9FF24A4C21835A9700012538 /* Cocoa.framework in Frameworks */,
			);
			runOnlyForDeploymentPostprocessing = 0;
		};
/* End PBXFrameworksBuildPhase section */

/* Begin PBXGroup section */
		9F7B78092180DBE200DE9F86 = {
			isa = PBXGroup;
			children = (
				9F4F88FC2294886300D53DE0 /* walk.csv */,
				9F81EAA521B60E6800F58A7E /* cube_fs.glsl */,
				9F81EAA421B60E6800F58A7E /* cube_vs.glsl */,
				9F81EA9021A8506800F58A7E /* stb_image.h */,
				9F81EA8D21A84E2E00F58A7E /* Framebuffer.cpp */,
				9F81EA8E21A84E2E00F58A7E /* Framebuffer.h */,
				9F81EA8A21A84D7200F58A7E /* Shader.cpp */,
				9F81EA8B21A84D7200F58A7E /* Shader.h */,
				9F81EA8721A84B9700F58A7E /* InputManager.cpp */,
				9F81EA8821A84B9700F58A7E /* InputManager.h */,
				9F81EA8421A84B8100F58A7E /* Renderer.cpp */,
				9F81EA8521A84B8100F58A7E /* Renderer.h */,
				9F26E93A2199F089008E0CFD /* Camera.h */,
				9F7B781C2180DCF900DE9F86 /* gl_utils.cpp */,
				9F7B7B7E2180DCFB00DE9F86 /* gl_utils.h */,
				9F7B7B7F2180DCFC00DE9F86 /* large.obj */,
				9F7B7B802180DCFC00DE9F86 /* objLoader.cpp */,
				9F4F88F92294850600D53DE0 /* TrajParser.cpp */,
				9F4F88FA2294850600D53DE0 /* TrajParser.h */,
				9F7B7B822180DCFC00DE9F86 /* main.cpp */,
				9F7B781D2180DCF900DE9F86 /* objLoader.h */,
				9F7B7B812180DCFC00DE9F86 /* test_fs.glsl */,
				9F7B781E2180DCF900DE9F86 /* test_vs.glsl */,
				9F7B78132180DBE200DE9F86 /* Products */,
				9F7B7BF32180E03500DE9F86 /* Frameworks */,
			);
			sourceTree = "<group>";
		};
		9F7B78132180DBE200DE9F86 /* Products */ = {
			isa = PBXGroup;
			children = (
				9F7B78122180DBE200DE9F86 /* TrajVis */,
			);
			name = Products;
			sourceTree = "<group>";
		};
		9F7B7BF32180E03500DE9F86 /* Frameworks */ = {
			isa = PBXGroup;
			children = (
				9FF24A4E21835AA400012538 /* IOKit.framework */,
				9FF24A4B21835A9700012538 /* Cocoa.framework */,
				9F7B7BF62180E06300DE9F86 /* libGLEW.a */,
				9F7B7BFC2180F91C00DE9F86 /* libGLEW.a */,
				9F7B7BF72180E06300DE9F86 /* libglfw3.a */,
				9F7B7BFB2180F91C00DE9F86 /* libglfw3.a */,
				9F7B7BF42180E03500DE9F86 /* OpenGL.framework */,
			);
			name = Frameworks;
			sourceTree = "<group>";
		};
/* End PBXGroup section */

/* Begin PBXNativeTarget section */
		9F7B78112180DBE200DE9F86 /* TrajVis */ = {
			isa = PBXNativeTarget;
			buildConfigurationList = 9F7B78192180DBE200DE9F86 /* Build configuration list for PBXNativeTarget "TrajVis" */;
			buildPhases = (
				9F7B780E2180DBE200DE9F86 /* Sources */,
				9F7B780F2180DBE200DE9F86 /* Frameworks */,
				9F7B78102180DBE200DE9F86 /* CopyFiles */,
			);
			buildRules = (
			);
			dependencies = (
			);
			name = TrajVis;
			productName = Waves;
			productReference = 9F7B78122180DBE200DE9F86 /* TrajVis */;
			productType = "com.apple.product-type.tool";
		};
/* End PBXNativeTarget section */

/* Begin PBXProject section */
		9F7B780A2180DBE200DE9F86 /* Project object */ = {
			isa = PBXProject;
			attributes = {
				LastUpgradeCheck = 0940;
				ORGANIZATIONNAME = "Diego Gonçalves";
				TargetAttributes = {
					9F7B78112180DBE200DE9F86 = {
						CreatedOnToolsVersion = 9.4.1;
					};
				};
			};
			buildConfigurationList = 9F7B780D2180DBE200DE9F86 /* Build configuration list for PBXProject "TrajVis" */;
			compatibilityVersion = "Xcode 9.3";
			developmentRegion = en;
			hasScannedForEncodings = 0;
			knownRegions = (
				en,
			);
			mainGroup = 9F7B78092180DBE200DE9F86;
			productRefGroup = 9F7B78132180DBE200DE9F86 /* Products */;
			projectDirPath = "";
			projectRoot = "";
			targets = (
				9F7B78112180DBE200DE9F86 /* TrajVis */,
			);
		};
/* End PBXProject section */

/* Begin PBXSourcesBuildPhase section */
		9F7B780E2180DBE200DE9F86 /* Sources */ = {
			isa = PBXSourcesBuildPhase;
			buildActionMask = 2147483647;
			files = (
				9F81EA8621A84B8100F58A7E /* Renderer.cpp in Sources */,
				9F7B7BF22180DCFD00DE9F86 /* main.cpp in Sources */,
				9F7B7B832180DCFC00DE9F86 /* gl_utils.cpp in Sources */,
				9F81EA8F21A84E2E00F58A7E /* Framebuffer.cpp in Sources */,
				9F7B7BF12180DCFD00DE9F86 /* objLoader.cpp in Sources */,
				9F4F88FB2294850600D53DE0 /* TrajParser.cpp in Sources */,
				9F81EA8C21A84D7200F58A7E /* Shader.cpp in Sources */,
				9F81EA8921A84B9700F58A7E /* InputManager.cpp in Sources */,
			);
			runOnlyForDeploymentPostprocessing = 0;
		};
/* End PBXSourcesBuildPhase section */

/* Begin XCBuildConfiguration section */
		9F7B78172180DBE200DE9F86 /* Debug */ = {
			isa = XCBuildConfiguration;
			buildSettings = {
				ALWAYS_SEARCH_USER_PATHS = YES;
				CLANG_ANALYZER_NONNULL = YES;
				CLANG_ANALYZER_NUMBER_OBJECT_CONVERSION = YES_AGGRESSIVE;
				CLANG_CXX_LANGUAGE_STANDARD = "gnu++14";
				CLANG_CXX_LIBRARY = "libc++";
				CLANG_ENABLE_MODULES = YES;
				CLANG_ENABLE_OBJC_ARC = YES;
				CLANG_ENABLE_OBJC_WEAK = YES;
				CLANG_WARN_BLOCK_CAPTURE_AUTORELEASING = YES;
				CLANG_WARN_BOOL_CONVERSION = YES;
				CLANG_WARN_COMMA = YES;
				CLANG_WARN_CONSTANT_CONVERSION = YES;
				CLANG_WARN_DEPRECATED_OBJC_IMPLEMENTATIONS = YES;
				CLANG_WARN_DIRECT_OBJC_ISA_USAGE = YES_ERROR;
				CLANG_WARN_DOCUMENTATION_COMMENTS = YES;
				CLANG_WARN_EMPTY_BODY = YES;
				CLANG_WARN_ENUM_CONVERSION = YES;
				CLANG_WARN_INFINITE_RECURSION = YES;
				CLANG_WARN_INT_CONVERSION = YES;
				CLANG_WARN_NON_LITERAL_NULL_CONVERSION = YES;
				CLANG_WARN_OBJC_IMPLICIT_RETAIN_SELF = YES;
				CLANG_WARN_OBJC_LITERAL_CONVERSION = YES;
				CLANG_WARN_OBJC_ROOT_CLASS = YES_ERROR;
				CLANG_WARN_RANGE_LOOP_ANALYSIS = YES;
				CLANG_WARN_STRICT_PROTOTYPES = YES;
				CLANG_WARN_SUSPICIOUS_MOVE = YES;
				CLANG_WARN_UNGUARDED_AVAILABILITY = YES_AGGRESSIVE;
				CLANG_WARN_UNREACHABLE_CODE = YES;
				CLANG_WARN__DUPLICATE_METHOD_MATCH = YES;
				CODE_SIGN_IDENTITY = "Mac Developer";
				COPY_PHASE_STRIP = NO;
				DEBUG_INFORMATION_FORMAT = dwarf;
				ENABLE_STRICT_OBJC_MSGSEND = YES;
				ENABLE_TESTABILITY = YES;
				GCC_C_LANGUAGE_STANDARD = gnu11;
				GCC_DYNAMIC_NO_PIC = NO;
				GCC_NO_COMMON_BLOCKS = YES;
				GCC_OPTIMIZATION_LEVEL = 0;
				GCC_PREPROCESSOR_DEFINITIONS = (
					"DEBUG=1",
					"$(inherited)",
				);
				GCC_WARN_64_TO_32_BIT_CONVERSION = YES;
				GCC_WARN_ABOUT_RETURN_TYPE = YES_ERROR;
				GCC_WARN_UNDECLARED_SELECTOR = YES;
				GCC_WARN_UNINITIALIZED_AUTOS = YES_AGGRESSIVE;
				GCC_WARN_UNUSED_FUNCTION = YES;
				GCC_WARN_UNUSED_VARIABLE = YES;
				"HEADER_SEARCH_PATHS[arch=*]" = (
					"~/Projects/common/",
					"~/Projects/common/include/**",
					"~/Projects/common/glm/**",
					/home/dlngoncalves/Projects/common/include/,
				);
				MACOSX_DEPLOYMENT_TARGET = 10.14;
				MTL_ENABLE_DEBUG_INFO = YES;
				ONLY_ACTIVE_ARCH = YES;
				SDKROOT = macosx;
				"USER_HEADER_SEARCH_PATHS[arch=*]" = "";
			};
			name = Debug;
		};
		9F7B78182180DBE200DE9F86 /* Release */ = {
			isa = XCBuildConfiguration;
			buildSettings = {
				ALWAYS_SEARCH_USER_PATHS = YES;
				CLANG_ANALYZER_NONNULL = YES;
				CLANG_ANALYZER_NUMBER_OBJECT_CONVERSION = YES_AGGRESSIVE;
				CLANG_CXX_LANGUAGE_STANDARD = "gnu++14";
				CLANG_CXX_LIBRARY = "libc++";
				CLANG_ENABLE_MODULES = YES;
				CLANG_ENABLE_OBJC_ARC = YES;
				CLANG_ENABLE_OBJC_WEAK = YES;
				CLANG_WARN_BLOCK_CAPTURE_AUTORELEASING = YES;
				CLANG_WARN_BOOL_CONVERSION = YES;
				CLANG_WARN_COMMA = YES;
				CLANG_WARN_CONSTANT_CONVERSION = YES;
				CLANG_WARN_DEPRECATED_OBJC_IMPLEMENTATIONS = YES;
				CLANG_WARN_DIRECT_OBJC_ISA_USAGE = YES_ERROR;
				CLANG_WARN_DOCUMENTATION_COMMENTS = YES;
				CLANG_WARN_EMPTY_BODY = YES;
				CLANG_WARN_ENUM_CONVERSION = YES;
				CLANG_WARN_INFINITE_RECURSION = YES;
				CLANG_WARN_INT_CONVERSION = YES;
				CLANG_WARN_NON_LITERAL_NULL_CONVERSION = YES;
				CLANG_WARN_OBJC_IMPLICIT_RETAIN_SELF = YES;
				CLANG_WARN_OBJC_LITERAL_CONVERSION = YES;
				CLANG_WARN_OBJC_ROOT_CLASS = YES_ERROR;
				CLANG_WARN_RANGE_LOOP_ANALYSIS = YES;
				CLANG_WARN_STRICT_PROTOTYPES = YES;
				CLANG_WARN_SUSPICIOUS_MOVE = YES;
				CLANG_WARN_UNGUARDED_AVAILABILITY = YES_AGGRESSIVE;
				CLANG_WARN_UNREACHABLE_CODE = YES;
				CLANG_WARN__DUPLICATE_METHOD_MATCH = YES;
				CODE_SIGN_IDENTITY = "Mac Developer";
				COPY_PHASE_STRIP = NO;
				DEBUG_INFORMATION_FORMAT = "dwarf-with-dsym";
				ENABLE_NS_ASSERTIONS = NO;
				ENABLE_STRICT_OBJC_MSGSEND = YES;
				GCC_C_LANGUAGE_STANDARD = gnu11;
				GCC_NO_COMMON_BLOCKS = YES;
				GCC_WARN_64_TO_32_BIT_CONVERSION = YES;
				GCC_WARN_ABOUT_RETURN_TYPE = YES_ERROR;
				GCC_WARN_UNDECLARED_SELECTOR = YES;
				GCC_WARN_UNINITIALIZED_AUTOS = YES_AGGRESSIVE;
				GCC_WARN_UNUSED_FUNCTION = YES;
				GCC_WARN_UNUSED_VARIABLE = YES;
				"HEADER_SEARCH_PATHS[arch=*]" = (
					"~/Projects/common/",
					"~/Projects/common/glm/**",
					"~/Projects/common/include/**",
					/home/dlngoncalves/Projects/common/include/,
				);
				MACOSX_DEPLOYMENT_TARGET = 10.14;
				MTL_ENABLE_DEBUG_INFO = NO;
				SDKROOT = macosx;
			};
			name = Release;
		};
		9F7B781A2180DBE200DE9F86 /* Debug */ = {
			isa = XCBuildConfiguration;
			buildSettings = {
				CODE_SIGN_STYLE = Automatic;
				DEVELOPMENT_TEAM = ZW369P9434;
				"HEADER_SEARCH_PATHS[arch=*]" = (
					"~/Projects/common/include/**",
					"~/Projects/common/glm/**",
					"~/Projects/common/",
					/home/dlngoncalves/Projects/common/include/,
				);
				"LIBRARY_SEARCH_PATHS[arch=*]" = "~/Projects/common/osx_64";
				PRODUCT_NAME = "$(TARGET_NAME)";
				"USER_HEADER_SEARCH_PATHS[arch=*]" = /home/dlngoncalves/Projects/common/include/;
			};
			name = Debug;
		};
		9F7B781B2180DBE200DE9F86 /* Release */ = {
			isa = XCBuildConfiguration;
			buildSettings = {
				CODE_SIGN_STYLE = Automatic;
				DEVELOPMENT_TEAM = ZW369P9434;
				"HEADER_SEARCH_PATHS[arch=*]" = (
					"~/Projects/common/include/**",
					"~/Projects/common/glm/**",
					"~/Projects/common/",
					/home/dlngoncalves/Projects/common/include/,
				);
				"LIBRARY_SEARCH_PATHS[arch=*]" = "~/Projects/common/osx_64";
				PRODUCT_NAME = "$(TARGET_NAME)";
				"USER_HEADER_SEARCH_PATHS[arch=*]" = /home/dlngoncalves/Projects/common/include/;
			};
			name = Release;
		};
/* End XCBuildConfiguration section */

/* Begin XCConfigurationList section */
		9F7B780D2180DBE200DE9F86 /* Build configuration list for PBXProject "TrajVis" */ = {
			isa = XCConfigurationList;
			buildConfigurations = (
				9F7B78172180DBE200DE9F86 /* Debug */,
				9F7B78182180DBE200DE9F86 /* Release */,
			);
			defaultConfigurationIsVisible = 0;
			defaultConfigurationName = Release;
		};
		9F7B78192180DBE200DE9F86 /* Build configuration list for PBXNativeTarget "TrajVis" */ = {
			isa = XCConfigurationList;
			buildConfigurations = (
				9F7B781A2180DBE200DE9F86 /* Debug */,
				9F7B781B2180DBE200DE9F86 /* Release */,
			);
			defaultConfigurationIsVisible = 0;
			defaultConfigurationName = Release;
		};
/* End XCConfigurationList section */
	};
	rootObject = 9F7B780A2180DBE200DE9F86 /* Project object */;
}
